
Microsoft Visual Studio Solution File, Format Version 12.00
# Visual Studio Version 16
VisualStudioVersion = 16.0.30114.105
MinimumVisualStudioVersion = 10.0.40219.1
Project("{FAE04EC0-301F-11D3-BF4B-00C04F79EFBC}") = "ProEventos.Application", "ProEventos.Application\ProEventos.Application.csproj", "{BFB754EA-8F05-4ED1-95D8-B11BA12003C2}"
EndProject
Project("{FAE04EC0-301F-11D3-BF4B-00C04F79EFBC}") = "ProEventos.Domain", "ProEventos.Domain\ProEventos.Domain.csproj", "{F5BA3A81-5EE6-4E77-920F-284F4158675A}"
EndProject
Project("{FAE04EC0-301F-11D3-BF4B-00C04F79EFBC}") = "ProEventos.API", "ProEventos.API\ProEventos.API.csproj", "{8513BC17-3F15-43F1-B1B9-0E24A6ECF98A}"
EndProject
Project("{FAE04EC0-301F-11D3-BF4B-00C04F79EFBC}") = "ProEventos.Persistence", "ProEventos.Persistence\ProEventos.Persistence.csproj", "{BEA5B4E6-CC39-4D95-9AEB-DB859D58A0FD}"
EndProject
Global
	GlobalSection(SolutionConfigurationPlatforms) = preSolution
		Debug|Any CPU = Debug|Any CPU
		Debug|x64 = Debug|x64
		Debug|x86 = Debug|x86
		Release|Any CPU = Release|Any CPU
		Release|x64 = Release|x64
		Release|x86 = Release|x86
	EndGlobalSection
	GlobalSection(SolutionProperties) = preSolution
		HideSolutionNode = FALSE
	EndGlobalSection
	GlobalSection(ProjectConfigurationPlatforms) = postSolution
		{BFB754EA-8F05-4ED1-95D8-B11BA12003C2}.Debug|Any CPU.ActiveCfg = Debug|Any CPU
		{BFB754EA-8F05-4ED1-95D8-B11BA12003C2}.Debug|Any CPU.Build.0 = Debug|Any CPU
		{BFB754EA-8F05-4ED1-95D8-B11BA12003C2}.Debug|x64.ActiveCfg = Debug|Any CPU
		{BFB754EA-8F05-4ED1-95D8-B11BA12003C2}.Debug|x64.Build.0 = Debug|Any CPU
		{BFB754EA-8F05-4ED1-95D8-B11BA12003C2}.Debug|x86.ActiveCfg = Debug|Any CPU
		{BFB754EA-8F05-4ED1-95D8-B11BA12003C2}.Debug|x86.Build.0 = Debug|Any CPU
		{BFB754EA-8F05-4ED1-95D8-B11BA12003C2}.Release|Any CPU.ActiveCfg = Release|Any CPU
		{BFB754EA-8F05-4ED1-95D8-B11BA12003C2}.Release|Any CPU.Build.0 = Release|Any CPU
		{BFB754EA-8F05-4ED1-95D8-B11BA12003C2}.Release|x64.ActiveCfg = Release|Any CPU
		{BFB754EA-8F05-4ED1-95D8-B11BA12003C2}.Release|x64.Build.0 = Release|Any CPU
		{BFB754EA-8F05-4ED1-95D8-B11BA12003C2}.Release|x86.ActiveCfg = Release|Any CPU
		{BFB754EA-8F05-4ED1-95D8-B11BA12003C2}.Release|x86.Build.0 = Release|Any CPU
		{F5BA3A81-5EE6-4E77-920F-284F4158675A}.Debug|Any CPU.ActiveCfg = Debug|Any CPU
		{F5BA3A81-5EE6-4E77-920F-284F4158675A}.Debug|Any CPU.Build.0 = Debug|Any CPU
		{F5BA3A81-5EE6-4E77-920F-284F4158675A}.Debug|x64.ActiveCfg = Debug|Any CPU
		{F5BA3A81-5EE6-4E77-920F-284F4158675A}.Debug|x64.Build.0 = Debug|Any CPU
		{F5BA3A81-5EE6-4E77-920F-284F4158675A}.Debug|x86.ActiveCfg = Debug|Any CPU
		{F5BA3A81-5EE6-4E77-920F-284F4158675A}.Debug|x86.Build.0 = Debug|Any CPU
		{F5BA3A81-5EE6-4E77-920F-284F4158675A}.Release|Any CPU.ActiveCfg = Release|Any CPU
		{F5BA3A81-5EE6-4E77-920F-284F4158675A}.Release|Any CPU.Build.0 = Release|Any CPU
		{F5BA3A81-5EE6-4E77-920F-284F4158675A}.Release|x64.ActiveCfg = Release|Any CPU
		{F5BA3A81-5EE6-4E77-920F-284F4158675A}.Release|x64.Build.0 = Release|Any CPU
		{F5BA3A81-5EE6-4E77-920F-284F4158675A}.Release|x86.ActiveCfg = Release|Any CPU
		{F5BA3A81-5EE6-4E77-920F-284F4158675A}.Release|x86.Build.0 = Release|Any CPU
		{8513BC17-3F15-43F1-B1B9-0E24A6ECF98A}.Debug|Any CPU.ActiveCfg = Debug|Any CPU
		{8513BC17-3F15-43F1-B1B9-0E24A6ECF98A}.Debug|Any CPU.Build.0 = Debug|Any CPU
		{8513BC17-3F15-43F1-B1B9-0E24A6ECF98A}.Debug|x64.ActiveCfg = Debug|Any CPU
		{8513BC17-3F15-43F1-B1B9-0E24A6ECF98A}.Debug|x64.Build.0 = Debug|Any CPU
		{8513BC17-3F15-43F1-B1B9-0E24A6ECF98A}.Debug|x86.ActiveCfg = Debug|Any CPU
		{8513BC17-3F15-43F1-B1B9-0E24A6ECF98A}.Debug|x86.Build.0 = Debug|Any CPU
		{8513BC17-3F15-43F1-B1B9-0E24A6ECF98A}.Release|Any CPU.ActiveCfg = Release|Any CPU
		{8513BC17-3F15-43F1-B1B9-0E24A6ECF98A}.Release|Any CPU.Build.0 = Release|Any CPU
		{8513BC17-3F15-43F1-B1B9-0E24A6ECF98A}.Release|x64.ActiveCfg = Release|Any CPU
		{8513BC17-3F15-43F1-B1B9-0E24A6ECF98A}.Release|x64.Build.0 = Release|Any CPU
		{8513BC17-3F15-43F1-B1B9-0E24A6ECF98A}.Release|x86.ActiveCfg = Release|Any CPU
		{8513BC17-3F15-43F1-B1B9-0E24A6ECF98A}.Release|x86.Build.0 = Release|Any CPU
		{BEA5B4E6-CC39-4D95-9AEB-DB859D58A0FD}.Debug|Any CPU.ActiveCfg = Debug|Any CPU
		{BEA5B4E6-CC39-4D95-9AEB-DB859D58A0FD}.Debug|Any CPU.Build.0 = Debug|Any CPU
		{BEA5B4E6-CC39-4D95-9AEB-DB859D58A0FD}.Debug|x64.ActiveCfg = Debug|Any CPU
		{BEA5B4E6-CC39-4D95-9AEB-DB859D58A0FD}.Debug|x64.Build.0 = Debug|Any CPU
		{BEA5B4E6-CC39-4D95-9AEB-DB859D58A0FD}.Debug|x86.ActiveCfg = Debug|Any CPU
		{BEA5B4E6-CC39-4D95-9AEB-DB859D58A0FD}.Debug|x86.Build.0 = Debug|Any CPU
		{BEA5B4E6-CC39-4D95-9AEB-DB859D58A0FD}.Release|Any CPU.ActiveCfg = Release|Any CPU
		{BEA5B4E6-CC39-4D95-9AEB-DB859D58A0FD}.Release|Any CPU.Build.0 = Release|Any CPU
		{BEA5B4E6-CC39-4D95-9AEB-DB859D58A0FD}.Release|x64.ActiveCfg = Release|Any CPU
		{BEA5B4E6-CC39-4D95-9AEB-DB859D58A0FD}.Release|x64.Build.0 = Release|Any CPU
		{BEA5B4E6-CC39-4D95-9AEB-DB859D58A0FD}.Release|x86.ActiveCfg = Release|Any CPU
		{BEA5B4E6-CC39-4D95-9AEB-DB859D58A0FD}.Release|x86.Build.0 = Release|Any CPU
	EndGlobalSection
EndGlobal
